
Microsoft Visual Studio Solution File, Format Version 12.00
# Visual Studio Version 17
VisualStudioVersion = 17.5.33530.505
MinimumVisualStudioVersion = 10.0.40219.1
Project("{FAE04EC0-301F-11D3-BF4B-00C04F79EFBC}") = "TINKOFF_TESTS1", "TINKOFF_TESTS1\TINKOFF_TESTS1.csproj", "{DD052971-9C27-4942-8974-7151A6897ABE}"
EndProject
Global
	GlobalSection(SolutionConfigurationPlatforms) = preSolution
		Debug|Any CPU = Debug|Any CPU
		Release|Any CPU = Release|Any CPU
	EndGlobalSection
	GlobalSection(ProjectConfigurationPlatforms) = postSolution
		{DD052971-9C27-4942-8974-7151A6897ABE}.Debug|Any CPU.ActiveCfg = Debug|Any CPU
		{DD052971-9C27-4942-8974-7151A6897ABE}.Debug|Any CPU.Build.0 = Debug|Any CPU
		{DD052971-9C27-4942-8974-7151A6897ABE}.Release|Any CPU.ActiveCfg = Release|Any CPU
		{DD052971-9C27-4942-8974-7151A6897ABE}.Release|Any CPU.Build.0 = Release|Any CPU
	EndGlobalSection
	GlobalSection(SolutionProperties) = preSolution
		HideSolutionNode = FALSE
	EndGlobalSection
	GlobalSection(ExtensibilityGlobals) = postSolution
		SolutionGuid = {EB9A0138-986E-4B4F-8DC7-31DB64301EF6}
	EndGlobalSection
EndGlobal
